
Microsoft Visual Studio Solution File, Format Version 12.00
# Visual Studio Version 16
VisualStudioVersion = 16.0.28922.388
MinimumVisualStudioVersion = 10.0.40219.1
Project("{9A19103F-16F7-4668-BE54-9A1E7A4F7556}") = "CongestionCharger.App", "CongestionCharger.App\CongestionCharger.App.csproj", "{6E3516F7-9EAA-4CF1-B67D-920C685CE19C}"
EndProject
Global
	GlobalSection(SolutionConfigurationPlatforms) = preSolution
		Debug|Any CPU = Debug|Any CPU
		Release|Any CPU = Release|Any CPU
	EndGlobalSection
	GlobalSection(ProjectConfigurationPlatforms) = postSolution
		{6E3516F7-9EAA-4CF1-B67D-920C685CE19C}.Debug|Any CPU.ActiveCfg = Debug|Any CPU
		{6E3516F7-9EAA-4CF1-B67D-920C685CE19C}.Debug|Any CPU.Build.0 = Debug|Any CPU
		{6E3516F7-9EAA-4CF1-B67D-920C685CE19C}.Release|Any CPU.ActiveCfg = Release|Any CPU
		{6E3516F7-9EAA-4CF1-B67D-920C685CE19C}.Release|Any CPU.Build.0 = Release|Any CPU
	EndGlobalSection
	GlobalSection(SolutionProperties) = preSolution
		HideSolutionNode = FALSE
	EndGlobalSection
	GlobalSection(ExtensibilityGlobals) = postSolution
		SolutionGuid = {3463CA2F-0F08-4F1B-B333-84A624929F52}
	EndGlobalSection
EndGlobal
